// !$*UTF8*$!
{
	archiveVersion = 1;
	classes = {
	};
	objectVersion = 55;
	objects = {

/* Begin PBXBuildFile section */
		4E274EB86F39FEFBDD039BA8 /* Pods_ParstagramTests.framework in Frameworks */ = {isa = PBXBuildFile; fileRef = 32254E5CDD58C857339B81F3 /* Pods_ParstagramTests.framework */; };
		78CB6A4950623572FA23241E /* Pods_Parstagram_ParstagramUITests.framework in Frameworks */ = {isa = PBXBuildFile; fileRef = 348DB6E3872247ED57B3D316 /* Pods_Parstagram_ParstagramUITests.framework */; };
		7ABBBD8603A6A87B1BB33C74 /* Pods_Parstagram.framework in Frameworks */ = {isa = PBXBuildFile; fileRef = 3BB1BB56D502B3E0FC31E052 /* Pods_Parstagram.framework */; };
		F5FB2AF927C4283C00AE2E6F /* AppDelegate.swift in Sources */ = {isa = PBXBuildFile; fileRef = F5FB2AF827C4283C00AE2E6F /* AppDelegate.swift */; };
		F5FB2AFB27C4283C00AE2E6F /* SceneDelegate.swift in Sources */ = {isa = PBXBuildFile; fileRef = F5FB2AFA27C4283C00AE2E6F /* SceneDelegate.swift */; };
		F5FB2B0027C4283C00AE2E6F /* Main.storyboard in Resources */ = {isa = PBXBuildFile; fileRef = F5FB2AFE27C4283C00AE2E6F /* Main.storyboard */; };
		F5FB2B0227C4284100AE2E6F /* Assets.xcassets in Resources */ = {isa = PBXBuildFile; fileRef = F5FB2B0127C4284100AE2E6F /* Assets.xcassets */; };
		F5FB2B0527C4284100AE2E6F /* LaunchScreen.storyboard in Resources */ = {isa = PBXBuildFile; fileRef = F5FB2B0327C4284100AE2E6F /* LaunchScreen.storyboard */; };
		F5FB2B1027C4284200AE2E6F /* ParstagramTests.swift in Sources */ = {isa = PBXBuildFile; fileRef = F5FB2B0F27C4284200AE2E6F /* ParstagramTests.swift */; };
		F5FB2B1A27C4284200AE2E6F /* ParstagramUITests.swift in Sources */ = {isa = PBXBuildFile; fileRef = F5FB2B1927C4284200AE2E6F /* ParstagramUITests.swift */; };
		F5FB2B1C27C4284200AE2E6F /* ParstagramUITestsLaunchTests.swift in Sources */ = {isa = PBXBuildFile; fileRef = F5FB2B1B27C4284200AE2E6F /* ParstagramUITestsLaunchTests.swift */; };
		F5FB2B2927C4304700AE2E6F /* LoginViewController.swift in Sources */ = {isa = PBXBuildFile; fileRef = F5FB2B2827C4304700AE2E6F /* LoginViewController.swift */; };
		F5FB2B2B27C4305C00AE2E6F /* FeedViewController.swift in Sources */ = {isa = PBXBuildFile; fileRef = F5FB2B2A27C4305C00AE2E6F /* FeedViewController.swift */; };
		F5FB2B2D27C4438000AE2E6F /* CameraViewController.swift in Sources */ = {isa = PBXBuildFile; fileRef = F5FB2B2C27C4438000AE2E6F /* CameraViewController.swift */; };
		F5FB2B2F27C5695300AE2E6F /* PostCell.swift in Sources */ = {isa = PBXBuildFile; fileRef = F5FB2B2E27C5695300AE2E6F /* PostCell.swift */; };
/* End PBXBuildFile section */

/* Begin PBXContainerItemProxy section */
		F5FB2B0C27C4284200AE2E6F /* PBXContainerItemProxy */ = {
			isa = PBXContainerItemProxy;
			containerPortal = F5FB2AED27C4283C00AE2E6F /* Project object */;
			proxyType = 1;
			remoteGlobalIDString = F5FB2AF427C4283C00AE2E6F;
			remoteInfo = Parstagram;
		};
		F5FB2B1627C4284200AE2E6F /* PBXContainerItemProxy */ = {
			isa = PBXContainerItemProxy;
			containerPortal = F5FB2AED27C4283C00AE2E6F /* Project object */;
			proxyType = 1;
			remoteGlobalIDString = F5FB2AF427C4283C00AE2E6F;
			remoteInfo = Parstagram;
		};
/* End PBXContainerItemProxy section */

/* Begin PBXFileReference section */
		2683ADFD1117457567A2D517 /* Pods-Parstagram-ParstagramUITests.release.xcconfig */ = {isa = PBXFileReference; includeInIndex = 1; lastKnownFileType = text.xcconfig; name = "Pods-Parstagram-ParstagramUITests.release.xcconfig"; path = "Target Support Files/Pods-Parstagram-ParstagramUITests/Pods-Parstagram-ParstagramUITests.release.xcconfig"; sourceTree = "<group>"; };
		32254E5CDD58C857339B81F3 /* Pods_ParstagramTests.framework */ = {isa = PBXFileReference; explicitFileType = wrapper.framework; includeInIndex = 0; path = Pods_ParstagramTests.framework; sourceTree = BUILT_PRODUCTS_DIR; };
		348DB6E3872247ED57B3D316 /* Pods_Parstagram_ParstagramUITests.framework */ = {isa = PBXFileReference; explicitFileType = wrapper.framework; includeInIndex = 0; path = Pods_Parstagram_ParstagramUITests.framework; sourceTree = BUILT_PRODUCTS_DIR; };
		3BB1BB56D502B3E0FC31E052 /* Pods_Parstagram.framework */ = {isa = PBXFileReference; explicitFileType = wrapper.framework; includeInIndex = 0; path = Pods_Parstagram.framework; sourceTree = BUILT_PRODUCTS_DIR; };
		45EF13C8737C57F007F98FEE /* Pods-Parstagram-ParstagramUITests.debug.xcconfig */ = {isa = PBXFileReference; includeInIndex = 1; lastKnownFileType = text.xcconfig; name = "Pods-Parstagram-ParstagramUITests.debug.xcconfig"; path = "Target Support Files/Pods-Parstagram-ParstagramUITests/Pods-Parstagram-ParstagramUITests.debug.xcconfig"; sourceTree = "<group>"; };
		76187F1FE112C7CF3A37F71E /* Pods-Parstagram.debug.xcconfig */ = {isa = PBXFileReference; includeInIndex = 1; lastKnownFileType = text.xcconfig; name = "Pods-Parstagram.debug.xcconfig"; path = "Target Support Files/Pods-Parstagram/Pods-Parstagram.debug.xcconfig"; sourceTree = "<group>"; };
		7BD74BB8C0AFCDA510232CFA /* Pods-ParstagramTests.release.xcconfig */ = {isa = PBXFileReference; includeInIndex = 1; lastKnownFileType = text.xcconfig; name = "Pods-ParstagramTests.release.xcconfig"; path = "Target Support Files/Pods-ParstagramTests/Pods-ParstagramTests.release.xcconfig"; sourceTree = "<group>"; };
		AEB244100ECDB8702F7649EF /* Pods-Parstagram.release.xcconfig */ = {isa = PBXFileReference; includeInIndex = 1; lastKnownFileType = text.xcconfig; name = "Pods-Parstagram.release.xcconfig"; path = "Target Support Files/Pods-Parstagram/Pods-Parstagram.release.xcconfig"; sourceTree = "<group>"; };
		ED49E4B4A10F2E3CE9BDD985 /* Pods-ParstagramTests.debug.xcconfig */ = {isa = PBXFileReference; includeInIndex = 1; lastKnownFileType = text.xcconfig; name = "Pods-ParstagramTests.debug.xcconfig"; path = "Target Support Files/Pods-ParstagramTests/Pods-ParstagramTests.debug.xcconfig"; sourceTree = "<group>"; };
		F5FB2AF527C4283C00AE2E6F /* Parstagram.app */ = {isa = PBXFileReference; explicitFileType = wrapper.application; includeInIndex = 0; path = Parstagram.app; sourceTree = BUILT_PRODUCTS_DIR; };
		F5FB2AF827C4283C00AE2E6F /* AppDelegate.swift */ = {isa = PBXFileReference; lastKnownFileType = sourcecode.swift; path = AppDelegate.swift; sourceTree = "<group>"; };
		F5FB2AFA27C4283C00AE2E6F /* SceneDelegate.swift */ = {isa = PBXFileReference; lastKnownFileType = sourcecode.swift; path = SceneDelegate.swift; sourceTree = "<group>"; };
		F5FB2AFF27C4283C00AE2E6F /* Base */ = {isa = PBXFileReference; lastKnownFileType = file.storyboard; name = Base; path = Base.lproj/Main.storyboard; sourceTree = "<group>"; };
		F5FB2B0127C4284100AE2E6F /* Assets.xcassets */ = {isa = PBXFileReference; lastKnownFileType = folder.assetcatalog; path = Assets.xcassets; sourceTree = "<group>"; };
		F5FB2B0427C4284100AE2E6F /* Base */ = {isa = PBXFileReference; lastKnownFileType = file.storyboard; name = Base; path = Base.lproj/LaunchScreen.storyboard; sourceTree = "<group>"; };
		F5FB2B0627C4284100AE2E6F /* Info.plist */ = {isa = PBXFileReference; lastKnownFileType = text.plist.xml; path = Info.plist; sourceTree = "<group>"; };
		F5FB2B0B27C4284200AE2E6F /* ParstagramTests.xctest */ = {isa = PBXFileReference; explicitFileType = wrapper.cfbundle; includeInIndex = 0; path = ParstagramTests.xctest; sourceTree = BUILT_PRODUCTS_DIR; };
		F5FB2B0F27C4284200AE2E6F /* ParstagramTests.swift */ = {isa = PBXFileReference; lastKnownFileType = sourcecode.swift; path = ParstagramTests.swift; sourceTree = "<group>"; };
		F5FB2B1527C4284200AE2E6F /* ParstagramUITests.xctest */ = {isa = PBXFileReference; explicitFileType = wrapper.cfbundle; includeInIndex = 0; path = ParstagramUITests.xctest; sourceTree = BUILT_PRODUCTS_DIR; };
		F5FB2B1927C4284200AE2E6F /* ParstagramUITests.swift */ = {isa = PBXFileReference; lastKnownFileType = sourcecode.swift; path = ParstagramUITests.swift; sourceTree = "<group>"; };
		F5FB2B1B27C4284200AE2E6F /* ParstagramUITestsLaunchTests.swift */ = {isa = PBXFileReference; lastKnownFileType = sourcecode.swift; path = ParstagramUITestsLaunchTests.swift; sourceTree = "<group>"; };
		F5FB2B2827C4304700AE2E6F /* LoginViewController.swift */ = {isa = PBXFileReference; lastKnownFileType = sourcecode.swift; path = LoginViewController.swift; sourceTree = "<group>"; };
		F5FB2B2A27C4305C00AE2E6F /* FeedViewController.swift */ = {isa = PBXFileReference; lastKnownFileType = sourcecode.swift; path = FeedViewController.swift; sourceTree = "<group>"; };
		F5FB2B2C27C4438000AE2E6F /* CameraViewController.swift */ = {isa = PBXFileReference; lastKnownFileType = sourcecode.swift; path = CameraViewController.swift; sourceTree = "<group>"; };
		F5FB2B2E27C5695300AE2E6F /* PostCell.swift */ = {isa = PBXFileReference; lastKnownFileType = sourcecode.swift; path = PostCell.swift; sourceTree = "<group>"; };
/* End PBXFileReference section */

/* Begin PBXFrameworksBuildPhase section */
		F5FB2AF227C4283C00AE2E6F /* Frameworks */ = {
			isa = PBXFrameworksBuildPhase;
			buildActionMask = 2147483647;
			files = (
				7ABBBD8603A6A87B1BB33C74 /* Pods_Parstagram.framework in Frameworks */,
			);
			runOnlyForDeploymentPostprocessing = 0;
		};
		F5FB2B0827C4284200AE2E6F /* Frameworks */ = {
			isa = PBXFrameworksBuildPhase;
			buildActionMask = 2147483647;
			files = (
				4E274EB86F39FEFBDD039BA8 /* Pods_ParstagramTests.framework in Frameworks */,
			);
			runOnlyForDeploymentPostprocessing = 0;
		};
		F5FB2B1227C4284200AE2E6F /* Frameworks */ = {
			isa = PBXFrameworksBuildPhase;
			buildActionMask = 2147483647;
			files = (
				78CB6A4950623572FA23241E /* Pods_Parstagram_ParstagramUITests.framework in Frameworks */,
			);
			runOnlyForDeploymentPostprocessing = 0;
		};
/* End PBXFrameworksBuildPhase section */

/* Begin PBXGroup section */
		110ECFE21C43A2425D15D5D6 /* Pods */ = {
			isa = PBXGroup;
			children = (
				76187F1FE112C7CF3A37F71E /* Pods-Parstagram.debug.xcconfig */,
				AEB244100ECDB8702F7649EF /* Pods-Parstagram.release.xcconfig */,
				45EF13C8737C57F007F98FEE /* Pods-Parstagram-ParstagramUITests.debug.xcconfig */,
				2683ADFD1117457567A2D517 /* Pods-Parstagram-ParstagramUITests.release.xcconfig */,
				ED49E4B4A10F2E3CE9BDD985 /* Pods-ParstagramTests.debug.xcconfig */,
				7BD74BB8C0AFCDA510232CFA /* Pods-ParstagramTests.release.xcconfig */,
			);
			path = Pods;
			sourceTree = "<group>";
		};
		D13AB0C3BCCB2CF0D9810B62 /* Frameworks */ = {
			isa = PBXGroup;
			children = (
				3BB1BB56D502B3E0FC31E052 /* Pods_Parstagram.framework */,
				348DB6E3872247ED57B3D316 /* Pods_Parstagram_ParstagramUITests.framework */,
				32254E5CDD58C857339B81F3 /* Pods_ParstagramTests.framework */,
			);
			name = Frameworks;
			sourceTree = "<group>";
		};
		F5FB2AEC27C4283C00AE2E6F = {
			isa = PBXGroup;
			children = (
				F5FB2AF727C4283C00AE2E6F /* Parstagram */,
				F5FB2B0E27C4284200AE2E6F /* ParstagramTests */,
				F5FB2B1827C4284200AE2E6F /* ParstagramUITests */,
				F5FB2AF627C4283C00AE2E6F /* Products */,
				110ECFE21C43A2425D15D5D6 /* Pods */,
				D13AB0C3BCCB2CF0D9810B62 /* Frameworks */,
			);
			sourceTree = "<group>";
		};
		F5FB2AF627C4283C00AE2E6F /* Products */ = {
			isa = PBXGroup;
			children = (
				F5FB2AF527C4283C00AE2E6F /* Parstagram.app */,
				F5FB2B0B27C4284200AE2E6F /* ParstagramTests.xctest */,
				F5FB2B1527C4284200AE2E6F /* ParstagramUITests.xctest */,
			);
			name = Products;
			sourceTree = "<group>";
		};
		F5FB2AF727C4283C00AE2E6F /* Parstagram */ = {
			isa = PBXGroup;
			children = (
				F5FB2AF827C4283C00AE2E6F /* AppDelegate.swift */,
				F5FB2AFA27C4283C00AE2E6F /* SceneDelegate.swift */,
				F5FB2AFE27C4283C00AE2E6F /* Main.storyboard */,
				F5FB2B2E27C5695300AE2E6F /* PostCell.swift */,
				F5FB2B2C27C4438000AE2E6F /* CameraViewController.swift */,
				F5FB2B0127C4284100AE2E6F /* Assets.xcassets */,
				F5FB2B0327C4284100AE2E6F /* LaunchScreen.storyboard */,
				F5FB2B0627C4284100AE2E6F /* Info.plist */,
				F5FB2B2827C4304700AE2E6F /* LoginViewController.swift */,
				F5FB2B2A27C4305C00AE2E6F /* FeedViewController.swift */,
			);
			path = Parstagram;
			sourceTree = "<group>";
		};
		F5FB2B0E27C4284200AE2E6F /* ParstagramTests */ = {
			isa = PBXGroup;
			children = (
				F5FB2B0F27C4284200AE2E6F /* ParstagramTests.swift */,
			);
			path = ParstagramTests;
			sourceTree = "<group>";
		};
		F5FB2B1827C4284200AE2E6F /* ParstagramUITests */ = {
			isa = PBXGroup;
			children = (
				F5FB2B1927C4284200AE2E6F /* ParstagramUITests.swift */,
				F5FB2B1B27C4284200AE2E6F /* ParstagramUITestsLaunchTests.swift */,
			);
			path = ParstagramUITests;
			sourceTree = "<group>";
		};
/* End PBXGroup section */

/* Begin PBXNativeTarget section */
		F5FB2AF427C4283C00AE2E6F /* Parstagram */ = {
			isa = PBXNativeTarget;
			buildConfigurationList = F5FB2B1F27C4284200AE2E6F /* Build configuration list for PBXNativeTarget "Parstagram" */;
			buildPhases = (
				63C37A63BA47BA2DF2AFE3F0 /* [CP] Check Pods Manifest.lock */,
				F5FB2AF127C4283C00AE2E6F /* Sources */,
				F5FB2AF227C4283C00AE2E6F /* Frameworks */,
				F5FB2AF327C4283C00AE2E6F /* Resources */,
				8573A2C9CC7450F88E539263 /* [CP] Embed Pods Frameworks */,
			);
			buildRules = (
			);
			dependencies = (
			);
			name = Parstagram;
			productName = Parstagram;
			productReference = F5FB2AF527C4283C00AE2E6F /* Parstagram.app */;
			productType = "com.apple.product-type.application";
		};
		F5FB2B0A27C4284200AE2E6F /* ParstagramTests */ = {
			isa = PBXNativeTarget;
			buildConfigurationList = F5FB2B2227C4284200AE2E6F /* Build configuration list for PBXNativeTarget "ParstagramTests" */;
			buildPhases = (
				299E1393D0212932C9DE2BCD /* [CP] Check Pods Manifest.lock */,
				F5FB2B0727C4284200AE2E6F /* Sources */,
				F5FB2B0827C4284200AE2E6F /* Frameworks */,
				F5FB2B0927C4284200AE2E6F /* Resources */,
			);
			buildRules = (
			);
			dependencies = (
				F5FB2B0D27C4284200AE2E6F /* PBXTargetDependency */,
			);
			name = ParstagramTests;
			productName = ParstagramTests;
			productReference = F5FB2B0B27C4284200AE2E6F /* ParstagramTests.xctest */;
			productType = "com.apple.product-type.bundle.unit-test";
		};
		F5FB2B1427C4284200AE2E6F /* ParstagramUITests */ = {
			isa = PBXNativeTarget;
			buildConfigurationList = F5FB2B2527C4284200AE2E6F /* Build configuration list for PBXNativeTarget "ParstagramUITests" */;
			buildPhases = (
				46EB3FDA728E70605455F757 /* [CP] Check Pods Manifest.lock */,
				F5FB2B1127C4284200AE2E6F /* Sources */,
				F5FB2B1227C4284200AE2E6F /* Frameworks */,
				F5FB2B1327C4284200AE2E6F /* Resources */,
				BEA293BE527F8191F57386CB /* [CP] Embed Pods Frameworks */,
			);
			buildRules = (
			);
			dependencies = (
				F5FB2B1727C4284200AE2E6F /* PBXTargetDependency */,
			);
			name = ParstagramUITests;
			productName = ParstagramUITests;
			productReference = F5FB2B1527C4284200AE2E6F /* ParstagramUITests.xctest */;
			productType = "com.apple.product-type.bundle.ui-testing";
		};
/* End PBXNativeTarget section */

/* Begin PBXProject section */
		F5FB2AED27C4283C00AE2E6F /* Project object */ = {
			isa = PBXProject;
			attributes = {
				BuildIndependentTargetsInParallel = 1;
				LastSwiftUpdateCheck = 1320;
				LastUpgradeCheck = 1320;
				TargetAttributes = {
					F5FB2AF427C4283C00AE2E6F = {
						CreatedOnToolsVersion = 13.2.1;
					};
					F5FB2B0A27C4284200AE2E6F = {
						CreatedOnToolsVersion = 13.2.1;
						TestTargetID = F5FB2AF427C4283C00AE2E6F;
					};
					F5FB2B1427C4284200AE2E6F = {
						CreatedOnToolsVersion = 13.2.1;
						TestTargetID = F5FB2AF427C4283C00AE2E6F;
					};
				};
			};
			buildConfigurationList = F5FB2AF027C4283C00AE2E6F /* Build configuration list for PBXProject "Parstagram" */;
			compatibilityVersion = "Xcode 13.0";
			developmentRegion = en;
			hasScannedForEncodings = 0;
			knownRegions = (
				en,
				Base,
			);
			mainGroup = F5FB2AEC27C4283C00AE2E6F;
			productRefGroup = F5FB2AF627C4283C00AE2E6F /* Products */;
			projectDirPath = "";
			projectRoot = "";
			targets = (
				F5FB2AF427C4283C00AE2E6F /* Parstagram */,
				F5FB2B0A27C4284200AE2E6F /* ParstagramTests */,
				F5FB2B1427C4284200AE2E6F /* ParstagramUITests */,
			);
		};
/* End PBXProject section */

/* Begin PBXResourcesBuildPhase section */
		F5FB2AF327C4283C00AE2E6F /* Resources */ = {
			isa = PBXResourcesBuildPhase;
			buildActionMask = 2147483647;
			files = (
				F5FB2B0527C4284100AE2E6F /* LaunchScreen.storyboard in Resources */,
				F5FB2B0227C4284100AE2E6F /* Assets.xcassets in Resources */,
				F5FB2B0027C4283C00AE2E6F /* Main.storyboard in Resources */,
			);
			runOnlyForDeploymentPostprocessing = 0;
		};
		F5FB2B0927C4284200AE2E6F /* Resources */ = {
			isa = PBXResourcesBuildPhase;
			buildActionMask = 2147483647;
			files = (
			);
			runOnlyForDeploymentPostprocessing = 0;
		};
		F5FB2B1327C4284200AE2E6F /* Resources */ = {
			isa = PBXResourcesBuildPhase;
			buildActionMask = 2147483647;
			files = (
			);
			runOnlyForDeploymentPostprocessing = 0;
		};
/* End PBXResourcesBuildPhase section */

/* Begin PBXShellScriptBuildPhase section */
		299E1393D0212932C9DE2BCD /* [CP] Check Pods Manifest.lock */ = {
			isa = PBXShellScriptBuildPhase;
			buildActionMask = 2147483647;
			files = (
			);
			inputFileListPaths = (
			);
			inputPaths = (
				"${PODS_PODFILE_DIR_PATH}/Podfile.lock",
				"${PODS_ROOT}/Manifest.lock",
			);
			name = "[CP] Check Pods Manifest.lock";
			outputFileListPaths = (
			);
			outputPaths = (
				"$(DERIVED_FILE_DIR)/Pods-ParstagramTests-checkManifestLockResult.txt",
			);
			runOnlyForDeploymentPostprocessing = 0;
			shellPath = /bin/sh;
			shellScript = "diff \"${PODS_PODFILE_DIR_PATH}/Podfile.lock\" \"${PODS_ROOT}/Manifest.lock\" > /dev/null\nif [ $? != 0 ] ; then\n    # print error to STDERR\n    echo \"error: The sandbox is not in sync with the Podfile.lock. Run 'pod install' or update your CocoaPods installation.\" >&2\n    exit 1\nfi\n# This output is used by Xcode 'outputs' to avoid re-running this script phase.\necho \"SUCCESS\" > \"${SCRIPT_OUTPUT_FILE_0}\"\n";
			showEnvVarsInLog = 0;
		};
		46EB3FDA728E70605455F757 /* [CP] Check Pods Manifest.lock */ = {
			isa = PBXShellScriptBuildPhase;
			buildActionMask = 2147483647;
			files = (
			);
			inputFileListPaths = (
			);
			inputPaths = (
				"${PODS_PODFILE_DIR_PATH}/Podfile.lock",
				"${PODS_ROOT}/Manifest.lock",
			);
			name = "[CP] Check Pods Manifest.lock";
			outputFileListPaths = (
			);
			outputPaths = (
				"$(DERIVED_FILE_DIR)/Pods-Parstagram-ParstagramUITests-checkManifestLockResult.txt",
			);
			runOnlyForDeploymentPostprocessing = 0;
			shellPath = /bin/sh;
			shellScript = "diff \"${PODS_PODFILE_DIR_PATH}/Podfile.lock\" \"${PODS_ROOT}/Manifest.lock\" > /dev/null\nif [ $? != 0 ] ; then\n    # print error to STDERR\n    echo \"error: The sandbox is not in sync with the Podfile.lock. Run 'pod install' or update your CocoaPods installation.\" >&2\n    exit 1\nfi\n# This output is used by Xcode 'outputs' to avoid re-running this script phase.\necho \"SUCCESS\" > \"${SCRIPT_OUTPUT_FILE_0}\"\n";
			showEnvVarsInLog = 0;
		};
		63C37A63BA47BA2DF2AFE3F0 /* [CP] Check Pods Manifest.lock */ = {
			isa = PBXShellScriptBuildPhase;
			buildActionMask = 2147483647;
			files = (
			);
			inputFileListPaths = (
			);
			inputPaths = (
				"${PODS_PODFILE_DIR_PATH}/Podfile.lock",
				"${PODS_ROOT}/Manifest.lock",
			);
			name = "[CP] Check Pods Manifest.lock";
			outputFileListPaths = (
			);
			outputPaths = (
				"$(DERIVED_FILE_DIR)/Pods-Parstagram-checkManifestLockResult.txt",
			);
			runOnlyForDeploymentPostprocessing = 0;
			shellPath = /bin/sh;
			shellScript = "diff \"${PODS_PODFILE_DIR_PATH}/Podfile.lock\" \"${PODS_ROOT}/Manifest.lock\" > /dev/null\nif [ $? != 0 ] ; then\n    # print error to STDERR\n    echo \"error: The sandbox is not in sync with the Podfile.lock. Run 'pod install' or update your CocoaPods installation.\" >&2\n    exit 1\nfi\n# This output is used by Xcode 'outputs' to avoid re-running this script phase.\necho \"SUCCESS\" > \"${SCRIPT_OUTPUT_FILE_0}\"\n";
			showEnvVarsInLog = 0;
		};
		8573A2C9CC7450F88E539263 /* [CP] Embed Pods Frameworks */ = {
			isa = PBXShellScriptBuildPhase;
			buildActionMask = 2147483647;
			files = (
			);
			inputFileListPaths = (
				"${PODS_ROOT}/Target Support Files/Pods-Parstagram/Pods-Parstagram-frameworks-${CONFIGURATION}-input-files.xcfilelist",
			);
			name = "[CP] Embed Pods Frameworks";
			outputFileListPaths = (
				"${PODS_ROOT}/Target Support Files/Pods-Parstagram/Pods-Parstagram-frameworks-${CONFIGURATION}-output-files.xcfilelist",
			);
			runOnlyForDeploymentPostprocessing = 0;
			shellPath = /bin/sh;
			shellScript = "\"${PODS_ROOT}/Target Support Files/Pods-Parstagram/Pods-Parstagram-frameworks.sh\"\n";
			showEnvVarsInLog = 0;
		};
		BEA293BE527F8191F57386CB /* [CP] Embed Pods Frameworks */ = {
			isa = PBXShellScriptBuildPhase;
			buildActionMask = 2147483647;
			files = (
			);
			inputFileListPaths = (
				"${PODS_ROOT}/Target Support Files/Pods-Parstagram-ParstagramUITests/Pods-Parstagram-ParstagramUITests-frameworks-${CONFIGURATION}-input-files.xcfilelist",
			);
			name = "[CP] Embed Pods Frameworks";
			outputFileListPaths = (
				"${PODS_ROOT}/Target Support Files/Pods-Parstagram-ParstagramUITests/Pods-Parstagram-ParstagramUITests-frameworks-${CONFIGURATION}-output-files.xcfilelist",
			);
			runOnlyForDeploymentPostprocessing = 0;
			shellPath = /bin/sh;
			shellScript = "\"${PODS_ROOT}/Target Support Files/Pods-Parstagram-ParstagramUITests/Pods-Parstagram-ParstagramUITests-frameworks.sh\"\n";
			showEnvVarsInLog = 0;
		};
/* End PBXShellScriptBuildPhase section */

/* Begin PBXSourcesBuildPhase section */
		F5FB2AF127C4283C00AE2E6F /* Sources */ = {
			isa = PBXSourcesBuildPhase;
			buildActionMask = 2147483647;
			files = (
				F5FB2B2927C4304700AE2E6F /* LoginViewController.swift in Sources */,
				F5FB2B2D27C4438000AE2E6F /* CameraViewController.swift in Sources */,
				F5FB2AF927C4283C00AE2E6F /* AppDelegate.swift in Sources */,
				F5FB2B2B27C4305C00AE2E6F /* FeedViewController.swift in Sources */,
				F5FB2AFB27C4283C00AE2E6F /* SceneDelegate.swift in Sources */,
				F5FB2B2F27C5695300AE2E6F /* PostCell.swift in Sources */,
			);
			runOnlyForDeploymentPostprocessing = 0;
		};
		F5FB2B0727C4284200AE2E6F /* Sources */ = {
			isa = PBXSourcesBuildPhase;
			buildActionMask = 2147483647;
			files = (
				F5FB2B1027C4284200AE2E6F /* ParstagramTests.swift in Sources */,
			);
			runOnlyForDeploymentPostprocessing = 0;
		};
		F5FB2B1127C4284200AE2E6F /* Sources */ = {
			isa = PBXSourcesBuildPhase;
			buildActionMask = 2147483647;
			files = (
				F5FB2B1C27C4284200AE2E6F /* ParstagramUITestsLaunchTests.swift in Sources */,
				F5FB2B1A27C4284200AE2E6F /* ParstagramUITests.swift in Sources */,
			);
			runOnlyForDeploymentPostprocessing = 0;
		};
/* End PBXSourcesBuildPhase section */

/* Begin PBXTargetDependency section */
		F5FB2B0D27C4284200AE2E6F /* PBXTargetDependency */ = {
			isa = PBXTargetDependency;
			target = F5FB2AF427C4283C00AE2E6F /* Parstagram */;
			targetProxy = F5FB2B0C27C4284200AE2E6F /* PBXContainerItemProxy */;
		};
		F5FB2B1727C4284200AE2E6F /* PBXTargetDependency */ = {
			isa = PBXTargetDependency;
			target = F5FB2AF427C4283C00AE2E6F /* Parstagram */;
			targetProxy = F5FB2B1627C4284200AE2E6F /* PBXContainerItemProxy */;
		};
/* End PBXTargetDependency section */

/* Begin PBXVariantGroup section */
		F5FB2AFE27C4283C00AE2E6F /* Main.storyboard */ = {
			isa = PBXVariantGroup;
			children = (
				F5FB2AFF27C4283C00AE2E6F /* Base */,
			);
			name = Main.storyboard;
			sourceTree = "<group>";
		};
		F5FB2B0327C4284100AE2E6F /* LaunchScreen.storyboard */ = {
			isa = PBXVariantGroup;
			children = (
				F5FB2B0427C4284100AE2E6F /* Base */,
			);
			name = LaunchScreen.storyboard;
			sourceTree = "<group>";
		};
/* End PBXVariantGroup section */

/* Begin XCBuildConfiguration section */
		F5FB2B1D27C4284200AE2E6F /* Debug */ = {
			isa = XCBuildConfiguration;
			buildSettings = {
				ALWAYS_SEARCH_USER_PATHS = NO;
				CLANG_ANALYZER_NONNULL = YES;
				CLANG_ANALYZER_NUMBER_OBJECT_CONVERSION = YES_AGGRESSIVE;
				CLANG_CXX_LANGUAGE_STANDARD = "gnu++17";
				CLANG_CXX_LIBRARY = "libc++";
				CLANG_ENABLE_MODULES = YES;
				CLANG_ENABLE_OBJC_ARC = YES;
				CLANG_ENABLE_OBJC_WEAK = YES;
				CLANG_WARN_BLOCK_CAPTURE_AUTORELEASING = YES;
				CLANG_WARN_BOOL_CONVERSION = YES;
				CLANG_WARN_COMMA = YES;
				CLANG_WARN_CONSTANT_CONVERSION = YES;
				CLANG_WARN_DEPRECATED_OBJC_IMPLEMENTATIONS = YES;
				CLANG_WARN_DIRECT_OBJC_ISA_USAGE = YES_ERROR;
				CLANG_WARN_DOCUMENTATION_COMMENTS = YES;
				CLANG_WARN_EMPTY_BODY = YES;
				CLANG_WARN_ENUM_CONVERSION = YES;
				CLANG_WARN_INFINITE_RECURSION = YES;
				CLANG_WARN_INT_CONVERSION = YES;
				CLANG_WARN_NON_LITERAL_NULL_CONVERSION = YES;
				CLANG_WARN_OBJC_IMPLICIT_RETAIN_SELF = YES;
				CLANG_WARN_OBJC_LITERAL_CONVERSION = YES;
				CLANG_WARN_OBJC_ROOT_CLASS = YES_ERROR;
				CLANG_WARN_QUOTED_INCLUDE_IN_FRAMEWORK_HEADER = YES;
				CLANG_WARN_RANGE_LOOP_ANALYSIS = YES;
				CLANG_WARN_STRICT_PROTOTYPES = YES;
				CLANG_WARN_SUSPICIOUS_MOVE = YES;
				CLANG_WARN_UNGUARDED_AVAILABILITY = YES_AGGRESSIVE;
				CLANG_WARN_UNREACHABLE_CODE = YES;
				CLANG_WARN__DUPLICATE_METHOD_MATCH = YES;
				COPY_PHASE_STRIP = NO;
				DEBUG_INFORMATION_FORMAT = dwarf;
				ENABLE_STRICT_OBJC_MSGSEND = YES;
				ENABLE_TESTABILITY = YES;
				GCC_C_LANGUAGE_STANDARD = gnu11;
				GCC_DYNAMIC_NO_PIC = NO;
				GCC_NO_COMMON_BLOCKS = YES;
				GCC_OPTIMIZATION_LEVEL = 0;
				GCC_PREPROCESSOR_DEFINITIONS = (
					"DEBUG=1",
					"$(inherited)",
				);
				GCC_WARN_64_TO_32_BIT_CONVERSION = YES;
				GCC_WARN_ABOUT_RETURN_TYPE = YES_ERROR;
				GCC_WARN_UNDECLARED_SELECTOR = YES;
				GCC_WARN_UNINITIALIZED_AUTOS = YES_AGGRESSIVE;
				GCC_WARN_UNUSED_FUNCTION = YES;
				GCC_WARN_UNUSED_VARIABLE = YES;
				IPHONEOS_DEPLOYMENT_TARGET = 15.2;
				MTL_ENABLE_DEBUG_INFO = INCLUDE_SOURCE;
				MTL_FAST_MATH = YES;
				ONLY_ACTIVE_ARCH = YES;
				SDKROOT = iphoneos;
				SWIFT_ACTIVE_COMPILATION_CONDITIONS = DEBUG;
				SWIFT_OPTIMIZATION_LEVEL = "-Onone";
			};
			name = Debug;
		};
		F5FB2B1E27C4284200AE2E6F /* Release */ = {
			isa = XCBuildConfiguration;
			buildSettings = {
				ALWAYS_SEARCH_USER_PATHS = NO;
				CLANG_ANALYZER_NONNULL = YES;
				CLANG_ANALYZER_NUMBER_OBJECT_CONVERSION = YES_AGGRESSIVE;
				CLANG_CXX_LANGUAGE_STANDARD = "gnu++17";
				CLANG_CXX_LIBRARY = "libc++";
				CLANG_ENABLE_MODULES = YES;
				CLANG_ENABLE_OBJC_ARC = YES;
				CLANG_ENABLE_OBJC_WEAK = YES;
				CLANG_WARN_BLOCK_CAPTURE_AUTORELEASING = YES;
				CLANG_WARN_BOOL_CONVERSION = YES;
				CLANG_WARN_COMMA = YES;
				CLANG_WARN_CONSTANT_CONVERSION = YES;
				CLANG_WARN_DEPRECATED_OBJC_IMPLEMENTATIONS = YES;
				CLANG_WARN_DIRECT_OBJC_ISA_USAGE = YES_ERROR;
				CLANG_WARN_DOCUMENTATION_COMMENTS = YES;
				CLANG_WARN_EMPTY_BODY = YES;
				CLANG_WARN_ENUM_CONVERSION = YES;
				CLANG_WARN_INFINITE_RECURSION = YES;
				CLANG_WARN_INT_CONVERSION = YES;
				CLANG_WARN_NON_LITERAL_NULL_CONVERSION = YES;
				CLANG_WARN_OBJC_IMPLICIT_RETAIN_SELF = YES;
				CLANG_WARN_OBJC_LITERAL_CONVERSION = YES;
				CLANG_WARN_OBJC_ROOT_CLASS = YES_ERROR;
				CLANG_WARN_QUOTED_INCLUDE_IN_FRAMEWORK_HEADER = YES;
				CLANG_WARN_RANGE_LOOP_ANALYSIS = YES;
				CLANG_WARN_STRICT_PROTOTYPES = YES;
				CLANG_WARN_SUSPICIOUS_MOVE = YES;
				CLANG_WARN_UNGUARDED_AVAILABILITY = YES_AGGRESSIVE;
				CLANG_WARN_UNREACHABLE_CODE = YES;
				CLANG_WARN__DUPLICATE_METHOD_MATCH = YES;
				COPY_PHASE_STRIP = NO;
				DEBUG_INFORMATION_FORMAT = "dwarf-with-dsym";
				ENABLE_NS_ASSERTIONS = NO;
				ENABLE_STRICT_OBJC_MSGSEND = YES;
				GCC_C_LANGUAGE_STANDARD = gnu11;
				GCC_NO_COMMON_BLOCKS = YES;
				GCC_WARN_64_TO_32_BIT_CONVERSION = YES;
				GCC_WARN_ABOUT_RETURN_TYPE = YES_ERROR;
				GCC_WARN_UNDECLARED_SELECTOR = YES;
				GCC_WARN_UNINITIALIZED_AUTOS = YES_AGGRESSIVE;
				GCC_WARN_UNUSED_FUNCTION = YES;
				GCC_WARN_UNUSED_VARIABLE = YES;
				IPHONEOS_DEPLOYMENT_TARGET = 15.2;
				MTL_ENABLE_DEBUG_INFO = NO;
				MTL_FAST_MATH = YES;
				SDKROOT = iphoneos;
				SWIFT_COMPILATION_MODE = wholemodule;
				SWIFT_OPTIMIZATION_LEVEL = "-O";
				VALIDATE_PRODUCT = YES;
			};
			name = Release;
		};
		F5FB2B2027C4284200AE2E6F /* Debug */ = {
			isa = XCBuildConfiguration;
			baseConfigurationReference = 76187F1FE112C7CF3A37F71E /* Pods-Parstagram.debug.xcconfig */;
			buildSettings = {
				ASSETCATALOG_COMPILER_APPICON_NAME = AppIcon;
				ASSETCATALOG_COMPILER_GLOBAL_ACCENT_COLOR_NAME = AccentColor;
				CODE_SIGN_STYLE = Automatic;
				CURRENT_PROJECT_VERSION = 1;
				DEVELOPMENT_TEAM = MW3QHG54S8;
				GENERATE_INFOPLIST_FILE = YES;
				INFOPLIST_FILE = Parstagram/Info.plist;
				INFOPLIST_KEY_UIApplicationSupportsIndirectInputEvents = YES;
				INFOPLIST_KEY_UILaunchStoryboardName = LaunchScreen;
				INFOPLIST_KEY_UIMainStoryboardFile = Main;
				INFOPLIST_KEY_UISupportedInterfaceOrientations_iPad = "UIInterfaceOrientationPortrait UIInterfaceOrientationPortraitUpsideDown UIInterfaceOrientationLandscapeLeft UIInterfaceOrientationLandscapeRight";
				INFOPLIST_KEY_UISupportedInterfaceOrientations_iPhone = "UIInterfaceOrientationPortrait UIInterfaceOrientationLandscapeLeft UIInterfaceOrientationLandscapeRight";
				LD_RUNPATH_SEARCH_PATHS = (
					"$(inherited)",
					"@executable_path/Frameworks",
				);
				MARKETING_VERSION = 1.0;
				PRODUCT_BUNDLE_IDENTIFIER = com.SarahWagler.Parstagram;
				PRODUCT_NAME = "$(TARGET_NAME)";
				SWIFT_EMIT_LOC_STRINGS = YES;
				SWIFT_VERSION = 5.0;
				TARGETED_DEVICE_FAMILY = "1,2";
			};
			name = Debug;
		};
		F5FB2B2127C4284200AE2E6F /* Release */ = {
			isa = XCBuildConfiguration;
			baseConfigurationReference = AEB244100ECDB8702F7649EF /* Pods-Parstagram.release.xcconfig */;
			buildSettings = {
				ASSETCATALOG_COMPILER_APPICON_NAME = AppIcon;
				ASSETCATALOG_COMPILER_GLOBAL_ACCENT_COLOR_NAME = AccentColor;
				CODE_SIGN_STYLE = Automatic;
				CURRENT_PROJECT_VERSION = 1;
				DEVELOPMENT_TEAM = MW3QHG54S8;
				GENERATE_INFOPLIST_FILE = YES;
				INFOPLIST_FILE = Parstagram/Info.plist;
				INFOPLIST_KEY_UIApplicationSupportsIndirectInputEvents = YES;
				INFOPLIST_KEY_UILaunchStoryboardName = LaunchScreen;
				INFOPLIST_KEY_UIMainStoryboardFile = Main;
				INFOPLIST_KEY_UISupportedInterfaceOrientations_iPad = "UIInterfaceOrientationPortrait UIInterfaceOrientationPortraitUpsideDown UIInterfaceOrientationLandscapeLeft UIInterfaceOrientationLandscapeRight";
				INFOPLIST_KEY_UISupportedInterfaceOrientations_iPhone = "UIInterfaceOrientationPortrait UIInterfaceOrientationLandscapeLeft UIInterfaceOrientationLandscapeRight";
				LD_RUNPATH_SEARCH_PATHS = (
					"$(inherited)",
					"@executable_path/Frameworks",
				);
				MARKETING_VERSION = 1.0;
				PRODUCT_BUNDLE_IDENTIFIER = com.SarahWagler.Parstagram;
				PRODUCT_NAME = "$(TARGET_NAME)";
				SWIFT_EMIT_LOC_STRINGS = YES;
				SWIFT_VERSION = 5.0;
				TARGETED_DEVICE_FAMILY = "1,2";
			};
			name = Release;
		};
		F5FB2B2327C4284200AE2E6F /* Debug */ = {
			isa = XCBuildConfiguration;
			baseConfigurationReference = ED49E4B4A10F2E3CE9BDD985 /* Pods-ParstagramTests.debug.xcconfig */;
			buildSettings = {
				ALWAYS_EMBED_SWIFT_STANDARD_LIBRARIES = YES;
				BUNDLE_LOADER = "$(TEST_HOST)";
				CODE_SIGN_STYLE = Automatic;
				CURRENT_PROJECT_VERSION = 1;
				DEVELOPMENT_TEAM = MW3QHG54S8;
				GENERATE_INFOPLIST_FILE = YES;
				IPHONEOS_DEPLOYMENT_TARGET = 15.2;
				MARKETING_VERSION = 1.0;
				PRODUCT_BUNDLE_IDENTIFIER = com.SarahWagler.ParstagramTests;
				PRODUCT_NAME = "$(TARGET_NAME)";
				SWIFT_EMIT_LOC_STRINGS = NO;
				SWIFT_VERSION = 5.0;
				TARGETED_DEVICE_FAMILY = "1,2";
				TEST_HOST = "$(BUILT_PRODUCTS_DIR)/Parstagram.app/Parstagram";
			};
			name = Debug;
		};
		F5FB2B2427C4284200AE2E6F /* Release */ = {
			isa = XCBuildConfiguration;
			baseConfigurationReference = 7BD74BB8C0AFCDA510232CFA /* Pods-ParstagramTests.release.xcconfig */;
			buildSettings = {
				ALWAYS_EMBED_SWIFT_STANDARD_LIBRARIES = YES;
				BUNDLE_LOADER = "$(TEST_HOST)";
				CODE_SIGN_STYLE = Automatic;
				CURRENT_PROJECT_VERSION = 1;
				DEVELOPMENT_TEAM = MW3QHG54S8;
				GENERATE_INFOPLIST_FILE = YES;
				IPHONEOS_DEPLOYMENT_TARGET = 15.2;
				MARKETING_VERSION = 1.0;
				PRODUCT_BUNDLE_IDENTIFIER = com.SarahWagler.ParstagramTests;
				PRODUCT_NAME = "$(TARGET_NAME)";
				SWIFT_EMIT_LOC_STRINGS = NO;
				SWIFT_VERSION = 5.0;
				TARGETED_DEVICE_FAMILY = "1,2";
				TEST_HOST = "$(BUILT_PRODUCTS_DIR)/Parstagram.app/Parstagram";
			};
			name = Release;
		};
		F5FB2B2627C4284200AE2E6F /* Debug */ = {
			isa = XCBuildConfiguration;
			baseConfigurationReference = 45EF13C8737C57F007F98FEE /* Pods-Parstagram-ParstagramUITests.debug.xcconfig */;
			buildSettings = {
				ALWAYS_EMBED_SWIFT_STANDARD_LIBRARIES = YES;
				CODE_SIGN_STYLE = Automatic;
				CURRENT_PROJECT_VERSION = 1;
				DEVELOPMENT_TEAM = MW3QHG54S8;
				GENERATE_INFOPLIST_FILE = YES;
				MARKETING_VERSION = 1.0;
				PRODUCT_BUNDLE_IDENTIFIER = com.SarahWagler.ParstagramUITests;
				PRODUCT_NAME = "$(TARGET_NAME)";
				SWIFT_EMIT_LOC_STRINGS = NO;
				SWIFT_VERSION = 5.0;
				TARGETED_DEVICE_FAMILY = "1,2";
				TEST_TARGET_NAME = Parstagram;
			};
			name = Debug;
		};
		F5FB2B2727C4284200AE2E6F /* Release */ = {
			isa = XCBuildConfiguration;
			baseConfigurationReference = 2683ADFD1117457567A2D517 /* Pods-Parstagram-ParstagramUITests.release.xcconfig */;
			buildSettings = {
				ALWAYS_EMBED_SWIFT_STANDARD_LIBRARIES = YES;
				CODE_SIGN_STYLE = Automatic;
				CURRENT_PROJECT_VERSION = 1;
				DEVELOPMENT_TEAM = MW3QHG54S8;
				GENERATE_INFOPLIST_FILE = YES;
				MARKETING_VERSION = 1.0;
				PRODUCT_BUNDLE_IDENTIFIER = com.SarahWagler.ParstagramUITests;
				PRODUCT_NAME = "$(TARGET_NAME)";
				SWIFT_EMIT_LOC_STRINGS = NO;
				SWIFT_VERSION = 5.0;
				TARGETED_DEVICE_FAMILY = "1,2";
				TEST_TARGET_NAME = Parstagram;
			};
			name = Release;
		};
/* End XCBuildConfiguration section */

/* Begin XCConfigurationList section */
		F5FB2AF027C4283C00AE2E6F /* Build configuration list for PBXProject "Parstagram" */ = {
			isa = XCConfigurationList;
			buildConfigurations = (
				F5FB2B1D27C4284200AE2E6F /* Debug */,
				F5FB2B1E27C4284200AE2E6F /* Release */,
			);
			defaultConfigurationIsVisible = 0;
			defaultConfigurationName = Release;
		};
		F5FB2B1F27C4284200AE2E6F /* Build configuration list for PBXNativeTarget "Parstagram" */ = {
			isa = XCConfigurationList;
			buildConfigurations = (
				F5FB2B2027C4284200AE2E6F /* Debug */,
				F5FB2B2127C4284200AE2E6F /* Release */,
			);
			defaultConfigurationIsVisible = 0;
			defaultConfigurationName = Release;
		};
		F5FB2B2227C4284200AE2E6F /* Build configuration list for PBXNativeTarget "ParstagramTests" */ = {
			isa = XCConfigurationList;
			buildConfigurations = (
				F5FB2B2327C4284200AE2E6F /* Debug */,
				F5FB2B2427C4284200AE2E6F /* Release */,
			);
			defaultConfigurationIsVisible = 0;
			defaultConfigurationName = Release;
		};
		F5FB2B2527C4284200AE2E6F /* Build configuration list for PBXNativeTarget "ParstagramUITests" */ = {
			isa = XCConfigurationList;
			buildConfigurations = (
				F5FB2B2627C4284200AE2E6F /* Debug */,
				F5FB2B2727C4284200AE2E6F /* Release */,
			);
			defaultConfigurationIsVisible = 0;
			defaultConfigurationName = Release;
		};
/* End XCConfigurationList section */
	};
	rootObject = F5FB2AED27C4283C00AE2E6F /* Project object */;
}
